// !$*UTF8*$!
{
	archiveVersion = 1;
	classes = {
	};
	objectVersion = 56;
	objects = {

/* Begin PBXBuildFile section */
		23AA4C732B97459C003377E4 /* AppDelegate.swift in Sources */ = {isa = PBXBuildFile; fileRef = 23AA4C722B97459C003377E4 /* AppDelegate.swift */; };
		23AA4C752B97459C003377E4 /* SceneDelegate.swift in Sources */ = {isa = PBXBuildFile; fileRef = 23AA4C742B97459C003377E4 /* SceneDelegate.swift */; };
		23AA4C7A2B97459C003377E4 /* Main.storyboard in Resources */ = {isa = PBXBuildFile; fileRef = 23AA4C782B97459C003377E4 /* Main.storyboard */; };
		23AA4C7D2B97459C003377E4 /* QuandooTest.xcdatamodeld in Sources */ = {isa = PBXBuildFile; fileRef = 23AA4C7B2B97459C003377E4 /* QuandooTest.xcdatamodeld */; };
		23AA4C7F2B97459D003377E4 /* Assets.xcassets in Resources */ = {isa = PBXBuildFile; fileRef = 23AA4C7E2B97459D003377E4 /* Assets.xcassets */; };
		23AA4C822B97459D003377E4 /* LaunchScreen.storyboard in Resources */ = {isa = PBXBuildFile; fileRef = 23AA4C802B97459D003377E4 /* LaunchScreen.storyboard */; };
		23AA4C8D2B97459D003377E4 /* QuandooTestTests.swift in Sources */ = {isa = PBXBuildFile; fileRef = 23AA4C8C2B97459D003377E4 /* QuandooTestTests.swift */; };
		23AA4C972B97459D003377E4 /* QuandooTestUITests.swift in Sources */ = {isa = PBXBuildFile; fileRef = 23AA4C962B97459D003377E4 /* QuandooTestUITests.swift */; };
		23AA4C992B97459D003377E4 /* QuandooTestUITestsLaunchTests.swift in Sources */ = {isa = PBXBuildFile; fileRef = 23AA4C982B97459D003377E4 /* QuandooTestUITestsLaunchTests.swift */; };
		23AA4CAA2B974D07003377E4 /* UserListViewController.swift in Sources */ = {isa = PBXBuildFile; fileRef = 23AA4CA92B974D07003377E4 /* UserListViewController.swift */; };
		23AA4CAB2B974D07003377E4 /* UserListViewController.swift in Sources */ = {isa = PBXBuildFile; fileRef = 23AA4CA92B974D07003377E4 /* UserListViewController.swift */; };
		23AA4CAC2B974D07003377E4 /* UserListViewController.swift in Sources */ = {isa = PBXBuildFile; fileRef = 23AA4CA92B974D07003377E4 /* UserListViewController.swift */; };
		23AA4CAE2B974D17003377E4 /* UserListInterector.swift in Sources */ = {isa = PBXBuildFile; fileRef = 23AA4CAD2B974D17003377E4 /* UserListInterector.swift */; };
		23AA4CAF2B974D17003377E4 /* UserListInterector.swift in Sources */ = {isa = PBXBuildFile; fileRef = 23AA4CAD2B974D17003377E4 /* UserListInterector.swift */; };
		23AA4CB02B974D17003377E4 /* UserListInterector.swift in Sources */ = {isa = PBXBuildFile; fileRef = 23AA4CAD2B974D17003377E4 /* UserListInterector.swift */; };
		23AA4CB22B974D20003377E4 /* UserListPresenter.swift in Sources */ = {isa = PBXBuildFile; fileRef = 23AA4CB12B974D20003377E4 /* UserListPresenter.swift */; };
		23AA4CB32B974D20003377E4 /* UserListPresenter.swift in Sources */ = {isa = PBXBuildFile; fileRef = 23AA4CB12B974D20003377E4 /* UserListPresenter.swift */; };
		23AA4CB42B974D20003377E4 /* UserListPresenter.swift in Sources */ = {isa = PBXBuildFile; fileRef = 23AA4CB12B974D20003377E4 /* UserListPresenter.swift */; };
		23AA4CB62B974D2E003377E4 /* UserListSceneFactory.swift in Sources */ = {isa = PBXBuildFile; fileRef = 23AA4CB52B974D2E003377E4 /* UserListSceneFactory.swift */; };
		23AA4CB72B974D2E003377E4 /* UserListSceneFactory.swift in Sources */ = {isa = PBXBuildFile; fileRef = 23AA4CB52B974D2E003377E4 /* UserListSceneFactory.swift */; };
		23AA4CB82B974D2E003377E4 /* UserListSceneFactory.swift in Sources */ = {isa = PBXBuildFile; fileRef = 23AA4CB52B974D2E003377E4 /* UserListSceneFactory.swift */; };
		23AA4CBB2B974DB5003377E4 /* UserListConfigurator.swift in Sources */ = {isa = PBXBuildFile; fileRef = 23AA4CBA2B974DB5003377E4 /* UserListConfigurator.swift */; };
		23AA4CBC2B974DB5003377E4 /* UserListConfigurator.swift in Sources */ = {isa = PBXBuildFile; fileRef = 23AA4CBA2B974DB5003377E4 /* UserListConfigurator.swift */; };
		23AA4CBD2B974DB5003377E4 /* UserListConfigurator.swift in Sources */ = {isa = PBXBuildFile; fileRef = 23AA4CBA2B974DB5003377E4 /* UserListConfigurator.swift */; };
		23AA4CC02B97547E003377E4 /* User.swift in Sources */ = {isa = PBXBuildFile; fileRef = 23AA4CBF2B97547E003377E4 /* User.swift */; };
		23AA4CC12B97547E003377E4 /* User.swift in Sources */ = {isa = PBXBuildFile; fileRef = 23AA4CBF2B97547E003377E4 /* User.swift */; };
		23AA4CC22B97547E003377E4 /* User.swift in Sources */ = {isa = PBXBuildFile; fileRef = 23AA4CBF2B97547E003377E4 /* User.swift */; };
		23AA4CC52B97568C003377E4 /* UserCellView.swift in Sources */ = {isa = PBXBuildFile; fileRef = 23AA4CC42B97568C003377E4 /* UserCellView.swift */; };
		23AA4CC62B97568C003377E4 /* UserCellView.swift in Sources */ = {isa = PBXBuildFile; fileRef = 23AA4CC42B97568C003377E4 /* UserCellView.swift */; };
		23AA4CC72B97568C003377E4 /* UserCellView.swift in Sources */ = {isa = PBXBuildFile; fileRef = 23AA4CC42B97568C003377E4 /* UserCellView.swift */; };
		23E5048B2B9769EF0037A9D0 /* APIManager.swift in Sources */ = {isa = PBXBuildFile; fileRef = 23E5048A2B9769EF0037A9D0 /* APIManager.swift */; };
		23E5048C2B9769EF0037A9D0 /* APIManager.swift in Sources */ = {isa = PBXBuildFile; fileRef = 23E5048A2B9769EF0037A9D0 /* APIManager.swift */; };
		23E5048D2B9769EF0037A9D0 /* APIManager.swift in Sources */ = {isa = PBXBuildFile; fileRef = 23E5048A2B9769EF0037A9D0 /* APIManager.swift */; };
		23E504902B977C550037A9D0 /* UserPostViewController.swift in Sources */ = {isa = PBXBuildFile; fileRef = 23E5048F2B977C540037A9D0 /* UserPostViewController.swift */; };
		23E504912B977C550037A9D0 /* UserPostViewController.swift in Sources */ = {isa = PBXBuildFile; fileRef = 23E5048F2B977C540037A9D0 /* UserPostViewController.swift */; };
		23E504922B977C550037A9D0 /* UserPostViewController.swift in Sources */ = {isa = PBXBuildFile; fileRef = 23E5048F2B977C540037A9D0 /* UserPostViewController.swift */; };
		23E504942B977C5E0037A9D0 /* UserPostInteractor.swift in Sources */ = {isa = PBXBuildFile; fileRef = 23E504932B977C5E0037A9D0 /* UserPostInteractor.swift */; };
		23E504952B977C5E0037A9D0 /* UserPostInteractor.swift in Sources */ = {isa = PBXBuildFile; fileRef = 23E504932B977C5E0037A9D0 /* UserPostInteractor.swift */; };
		23E504962B977C5E0037A9D0 /* UserPostInteractor.swift in Sources */ = {isa = PBXBuildFile; fileRef = 23E504932B977C5E0037A9D0 /* UserPostInteractor.swift */; };
		23E504982B977C690037A9D0 /* UserPostPresenter.swift in Sources */ = {isa = PBXBuildFile; fileRef = 23E504972B977C690037A9D0 /* UserPostPresenter.swift */; };
		23E504992B977C690037A9D0 /* UserPostPresenter.swift in Sources */ = {isa = PBXBuildFile; fileRef = 23E504972B977C690037A9D0 /* UserPostPresenter.swift */; };
		23E5049A2B977C690037A9D0 /* UserPostPresenter.swift in Sources */ = {isa = PBXBuildFile; fileRef = 23E504972B977C690037A9D0 /* UserPostPresenter.swift */; };
		23E5049C2B977C770037A9D0 /* UserPostConfigurator.swift in Sources */ = {isa = PBXBuildFile; fileRef = 23E5049B2B977C770037A9D0 /* UserPostConfigurator.swift */; };
		23E5049D2B977C770037A9D0 /* UserPostConfigurator.swift in Sources */ = {isa = PBXBuildFile; fileRef = 23E5049B2B977C770037A9D0 /* UserPostConfigurator.swift */; };
		23E5049E2B977C770037A9D0 /* UserPostConfigurator.swift in Sources */ = {isa = PBXBuildFile; fileRef = 23E5049B2B977C770037A9D0 /* UserPostConfigurator.swift */; };
		23E504A02B977D5C0037A9D0 /* Post.swift in Sources */ = {isa = PBXBuildFile; fileRef = 23E5049F2B977D5C0037A9D0 /* Post.swift */; };
		23E504A12B977D5C0037A9D0 /* Post.swift in Sources */ = {isa = PBXBuildFile; fileRef = 23E5049F2B977D5C0037A9D0 /* Post.swift */; };
		23E504A22B977D5C0037A9D0 /* Post.swift in Sources */ = {isa = PBXBuildFile; fileRef = 23E5049F2B977D5C0037A9D0 /* Post.swift */; };
		23E504A42B977EF10037A9D0 /* PostCellView.swift in Sources */ = {isa = PBXBuildFile; fileRef = 23E504A32B977EF10037A9D0 /* PostCellView.swift */; };
		23E504A52B977EF10037A9D0 /* PostCellView.swift in Sources */ = {isa = PBXBuildFile; fileRef = 23E504A32B977EF10037A9D0 /* PostCellView.swift */; };
		23E504A62B977EF10037A9D0 /* PostCellView.swift in Sources */ = {isa = PBXBuildFile; fileRef = 23E504A32B977EF10037A9D0 /* PostCellView.swift */; };
		23E504A82B9780710037A9D0 /* UserPostSceneFactory.swift in Sources */ = {isa = PBXBuildFile; fileRef = 23E504A72B9780710037A9D0 /* UserPostSceneFactory.swift */; };
		23E504A92B9780710037A9D0 /* UserPostSceneFactory.swift in Sources */ = {isa = PBXBuildFile; fileRef = 23E504A72B9780710037A9D0 /* UserPostSceneFactory.swift */; };
		23E504AA2B9780710037A9D0 /* UserPostSceneFactory.swift in Sources */ = {isa = PBXBuildFile; fileRef = 23E504A72B9780710037A9D0 /* UserPostSceneFactory.swift */; };
/* End PBXBuildFile section */

/* Begin PBXContainerItemProxy section */
		23AA4C892B97459D003377E4 /* PBXContainerItemProxy */ = {
			isa = PBXContainerItemProxy;
			containerPortal = 23AA4C672B97459C003377E4 /* Project object */;
			proxyType = 1;
			remoteGlobalIDString = 23AA4C6E2B97459C003377E4;
			remoteInfo = QuandooTest;
		};
		23AA4C932B97459D003377E4 /* PBXContainerItemProxy */ = {
			isa = PBXContainerItemProxy;
			containerPortal = 23AA4C672B97459C003377E4 /* Project object */;
			proxyType = 1;
			remoteGlobalIDString = 23AA4C6E2B97459C003377E4;
			remoteInfo = QuandooTest;
		};
/* End PBXContainerItemProxy section */

/* Begin PBXFileReference section */
		23AA4C6F2B97459C003377E4 /* QuandooTest.app */ = {isa = PBXFileReference; explicitFileType = wrapper.application; includeInIndex = 0; path = QuandooTest.app; sourceTree = BUILT_PRODUCTS_DIR; };
		23AA4C722B97459C003377E4 /* AppDelegate.swift */ = {isa = PBXFileReference; lastKnownFileType = sourcecode.swift; path = AppDelegate.swift; sourceTree = "<group>"; };
		23AA4C742B97459C003377E4 /* SceneDelegate.swift */ = {isa = PBXFileReference; lastKnownFileType = sourcecode.swift; path = SceneDelegate.swift; sourceTree = "<group>"; };
		23AA4C792B97459C003377E4 /* Base */ = {isa = PBXFileReference; lastKnownFileType = file.storyboard; name = Base; path = Base.lproj/Main.storyboard; sourceTree = "<group>"; };
		23AA4C7C2B97459C003377E4 /* QuandooTest.xcdatamodel */ = {isa = PBXFileReference; lastKnownFileType = wrapper.xcdatamodel; path = QuandooTest.xcdatamodel; sourceTree = "<group>"; };
		23AA4C7E2B97459D003377E4 /* Assets.xcassets */ = {isa = PBXFileReference; lastKnownFileType = folder.assetcatalog; path = Assets.xcassets; sourceTree = "<group>"; };
		23AA4C812B97459D003377E4 /* Base */ = {isa = PBXFileReference; lastKnownFileType = file.storyboard; name = Base; path = Base.lproj/LaunchScreen.storyboard; sourceTree = "<group>"; };
		23AA4C832B97459D003377E4 /* Info.plist */ = {isa = PBXFileReference; lastKnownFileType = text.plist.xml; path = Info.plist; sourceTree = "<group>"; };
		23AA4C882B97459D003377E4 /* QuandooTestTests.xctest */ = {isa = PBXFileReference; explicitFileType = wrapper.cfbundle; includeInIndex = 0; path = QuandooTestTests.xctest; sourceTree = BUILT_PRODUCTS_DIR; };
		23AA4C8C2B97459D003377E4 /* QuandooTestTests.swift */ = {isa = PBXFileReference; lastKnownFileType = sourcecode.swift; path = QuandooTestTests.swift; sourceTree = "<group>"; };
		23AA4C922B97459D003377E4 /* QuandooTestUITests.xctest */ = {isa = PBXFileReference; explicitFileType = wrapper.cfbundle; includeInIndex = 0; path = QuandooTestUITests.xctest; sourceTree = BUILT_PRODUCTS_DIR; };
		23AA4C962B97459D003377E4 /* QuandooTestUITests.swift */ = {isa = PBXFileReference; lastKnownFileType = sourcecode.swift; path = QuandooTestUITests.swift; sourceTree = "<group>"; };
		23AA4C982B97459D003377E4 /* QuandooTestUITestsLaunchTests.swift */ = {isa = PBXFileReference; lastKnownFileType = sourcecode.swift; path = QuandooTestUITestsLaunchTests.swift; sourceTree = "<group>"; };
		23AA4CA92B974D07003377E4 /* UserListViewController.swift */ = {isa = PBXFileReference; lastKnownFileType = sourcecode.swift; path = UserListViewController.swift; sourceTree = "<group>"; };
		23AA4CAD2B974D17003377E4 /* UserListInterector.swift */ = {isa = PBXFileReference; lastKnownFileType = sourcecode.swift; path = UserListInterector.swift; sourceTree = "<group>"; };
		23AA4CB12B974D20003377E4 /* UserListPresenter.swift */ = {isa = PBXFileReference; lastKnownFileType = sourcecode.swift; path = UserListPresenter.swift; sourceTree = "<group>"; };
		23AA4CB52B974D2E003377E4 /* UserListSceneFactory.swift */ = {isa = PBXFileReference; lastKnownFileType = sourcecode.swift; path = UserListSceneFactory.swift; sourceTree = "<group>"; };
		23AA4CBA2B974DB5003377E4 /* UserListConfigurator.swift */ = {isa = PBXFileReference; lastKnownFileType = sourcecode.swift; path = UserListConfigurator.swift; sourceTree = "<group>"; };
		23AA4CBF2B97547E003377E4 /* User.swift */ = {isa = PBXFileReference; lastKnownFileType = sourcecode.swift; path = User.swift; sourceTree = "<group>"; };
		23AA4CC42B97568C003377E4 /* UserCellView.swift */ = {isa = PBXFileReference; lastKnownFileType = sourcecode.swift; path = UserCellView.swift; sourceTree = "<group>"; };
		23E5048A2B9769EF0037A9D0 /* APIManager.swift */ = {isa = PBXFileReference; lastKnownFileType = sourcecode.swift; path = APIManager.swift; sourceTree = "<group>"; };
		23E5048F2B977C540037A9D0 /* UserPostViewController.swift */ = {isa = PBXFileReference; lastKnownFileType = sourcecode.swift; path = UserPostViewController.swift; sourceTree = "<group>"; };
		23E504932B977C5E0037A9D0 /* UserPostInteractor.swift */ = {isa = PBXFileReference; lastKnownFileType = sourcecode.swift; path = UserPostInteractor.swift; sourceTree = "<group>"; };
		23E504972B977C690037A9D0 /* UserPostPresenter.swift */ = {isa = PBXFileReference; lastKnownFileType = sourcecode.swift; path = UserPostPresenter.swift; sourceTree = "<group>"; };
		23E5049B2B977C770037A9D0 /* UserPostConfigurator.swift */ = {isa = PBXFileReference; lastKnownFileType = sourcecode.swift; path = UserPostConfigurator.swift; sourceTree = "<group>"; };
		23E5049F2B977D5C0037A9D0 /* Post.swift */ = {isa = PBXFileReference; lastKnownFileType = sourcecode.swift; path = Post.swift; sourceTree = "<group>"; };
		23E504A32B977EF10037A9D0 /* PostCellView.swift */ = {isa = PBXFileReference; lastKnownFileType = sourcecode.swift; path = PostCellView.swift; sourceTree = "<group>"; };
		23E504A72B9780710037A9D0 /* UserPostSceneFactory.swift */ = {isa = PBXFileReference; lastKnownFileType = sourcecode.swift; path = UserPostSceneFactory.swift; sourceTree = "<group>"; };
/* End PBXFileReference section */

/* Begin PBXFrameworksBuildPhase section */
		23AA4C6C2B97459C003377E4 /* Frameworks */ = {
			isa = PBXFrameworksBuildPhase;
			buildActionMask = 2147483647;
			files = (
			);
			runOnlyForDeploymentPostprocessing = 0;
		};
		23AA4C852B97459D003377E4 /* Frameworks */ = {
			isa = PBXFrameworksBuildPhase;
			buildActionMask = 2147483647;
			files = (
			);
			runOnlyForDeploymentPostprocessing = 0;
		};
		23AA4C8F2B97459D003377E4 /* Frameworks */ = {
			isa = PBXFrameworksBuildPhase;
			buildActionMask = 2147483647;
			files = (
			);
			runOnlyForDeploymentPostprocessing = 0;
		};
/* End PBXFrameworksBuildPhase section */

/* Begin PBXGroup section */
		23AA4C662B97459C003377E4 = {
			isa = PBXGroup;
			children = (
				23AA4C712B97459C003377E4 /* QuandooTest */,
				23AA4C8B2B97459D003377E4 /* QuandooTestTests */,
				23AA4C952B97459D003377E4 /* QuandooTestUITests */,
				23AA4C702B97459C003377E4 /* Products */,
			);
			sourceTree = "<group>";
		};
		23AA4C702B97459C003377E4 /* Products */ = {
			isa = PBXGroup;
			children = (
				23AA4C6F2B97459C003377E4 /* QuandooTest.app */,
				23AA4C882B97459D003377E4 /* QuandooTestTests.xctest */,
				23AA4C922B97459D003377E4 /* QuandooTestUITests.xctest */,
			);
			name = Products;
			sourceTree = "<group>";
		};
		23AA4C712B97459C003377E4 /* QuandooTest */ = {
			isa = PBXGroup;
			children = (
				23AA4CA52B974627003377E4 /* Application */,
				23AA4CC32B97567E003377E4 /* Cells */,
				23AA4CBE2B975470003377E4 /* Models */,
				23AA4CB92B974D8E003377E4 /* Factories */,
				23E504892B9769DD0037A9D0 /* Manager */,
				23AA4CA62B974639003377E4 /* Scenes */,
				23AA4C782B97459C003377E4 /* Main.storyboard */,
				23AA4C7E2B97459D003377E4 /* Assets.xcassets */,
				23AA4C802B97459D003377E4 /* LaunchScreen.storyboard */,
				23AA4C832B97459D003377E4 /* Info.plist */,
				23AA4C7B2B97459C003377E4 /* QuandooTest.xcdatamodeld */,
			);
			path = QuandooTest;
			sourceTree = "<group>";
		};
		23AA4C8B2B97459D003377E4 /* QuandooTestTests */ = {
			isa = PBXGroup;
			children = (
				23AA4C8C2B97459D003377E4 /* QuandooTestTests.swift */,
			);
			path = QuandooTestTests;
			sourceTree = "<group>";
		};
		23AA4C952B97459D003377E4 /* QuandooTestUITests */ = {
			isa = PBXGroup;
			children = (
				23AA4C962B97459D003377E4 /* QuandooTestUITests.swift */,
				23AA4C982B97459D003377E4 /* QuandooTestUITestsLaunchTests.swift */,
			);
			path = QuandooTestUITests;
			sourceTree = "<group>";
		};
		23AA4CA52B974627003377E4 /* Application */ = {
			isa = PBXGroup;
			children = (
				23AA4C742B97459C003377E4 /* SceneDelegate.swift */,
				23AA4C722B97459C003377E4 /* AppDelegate.swift */,
			);
			path = Application;
			sourceTree = "<group>";
		};
		23AA4CA62B974639003377E4 /* Scenes */ = {
			isa = PBXGroup;
			children = (
				23AA4CA72B974CCA003377E4 /* UserList */,
				23AA4CA82B974CD0003377E4 /* UserPost */,
			);
			path = Scenes;
			sourceTree = "<group>";
		};
		23AA4CA72B974CCA003377E4 /* UserList */ = {
			isa = PBXGroup;
			children = (
				23AA4CA92B974D07003377E4 /* UserListViewController.swift */,
				23AA4CAD2B974D17003377E4 /* UserListInterector.swift */,
				23AA4CB12B974D20003377E4 /* UserListPresenter.swift */,
				23AA4CBA2B974DB5003377E4 /* UserListConfigurator.swift */,
			);
			path = UserList;
			sourceTree = "<group>";
		};
		23AA4CA82B974CD0003377E4 /* UserPost */ = {
			isa = PBXGroup;
			children = (
				23E5048F2B977C540037A9D0 /* UserPostViewController.swift */,
				23E504932B977C5E0037A9D0 /* UserPostInteractor.swift */,
				23E504972B977C690037A9D0 /* UserPostPresenter.swift */,
				23E5049B2B977C770037A9D0 /* UserPostConfigurator.swift */,
			);
			path = UserPost;
			sourceTree = "<group>";
		};
		23AA4CB92B974D8E003377E4 /* Factories */ = {
			isa = PBXGroup;
			children = (
				23AA4CB52B974D2E003377E4 /* UserListSceneFactory.swift */,
				23E504A72B9780710037A9D0 /* UserPostSceneFactory.swift */,
			);
			path = Factories;
			sourceTree = "<group>";
		};
		23AA4CBE2B975470003377E4 /* Models */ = {
			isa = PBXGroup;
			children = (
				23AA4CBF2B97547E003377E4 /* User.swift */,
				23E5049F2B977D5C0037A9D0 /* Post.swift */,
			);
			path = Models;
			sourceTree = "<group>";
		};
		23AA4CC32B97567E003377E4 /* Cells */ = {
			isa = PBXGroup;
			children = (
				23AA4CC42B97568C003377E4 /* UserCellView.swift */,
				23E504A32B977EF10037A9D0 /* PostCellView.swift */,
			);
			path = Cells;
			sourceTree = "<group>";
		};
		23E504892B9769DD0037A9D0 /* Manager */ = {
			isa = PBXGroup;
			children = (
				23E5048A2B9769EF0037A9D0 /* APIManager.swift */,
			);
			path = Manager;
			sourceTree = "<group>";
		};
/* End PBXGroup section */

/* Begin PBXNativeTarget section */
		23AA4C6E2B97459C003377E4 /* QuandooTest */ = {
			isa = PBXNativeTarget;
			buildConfigurationList = 23AA4C9C2B97459D003377E4 /* Build configuration list for PBXNativeTarget "QuandooTest" */;
			buildPhases = (
				23AA4C6B2B97459C003377E4 /* Sources */,
				23AA4C6C2B97459C003377E4 /* Frameworks */,
				23AA4C6D2B97459C003377E4 /* Resources */,
			);
			buildRules = (
			);
			dependencies = (
			);
			name = QuandooTest;
			productName = QuandooTest;
			productReference = 23AA4C6F2B97459C003377E4 /* QuandooTest.app */;
			productType = "com.apple.product-type.application";
		};
		23AA4C872B97459D003377E4 /* QuandooTestTests */ = {
			isa = PBXNativeTarget;
			buildConfigurationList = 23AA4C9F2B97459D003377E4 /* Build configuration list for PBXNativeTarget "QuandooTestTests" */;
			buildPhases = (
				23AA4C842B97459D003377E4 /* Sources */,
				23AA4C852B97459D003377E4 /* Frameworks */,
				23AA4C862B97459D003377E4 /* Resources */,
			);
			buildRules = (
			);
			dependencies = (
				23AA4C8A2B97459D003377E4 /* PBXTargetDependency */,
			);
			name = QuandooTestTests;
			productName = QuandooTestTests;
			productReference = 23AA4C882B97459D003377E4 /* QuandooTestTests.xctest */;
			productType = "com.apple.product-type.bundle.unit-test";
		};
		23AA4C912B97459D003377E4 /* QuandooTestUITests */ = {
			isa = PBXNativeTarget;
			buildConfigurationList = 23AA4CA22B97459D003377E4 /* Build configuration list for PBXNativeTarget "QuandooTestUITests" */;
			buildPhases = (
				23AA4C8E2B97459D003377E4 /* Sources */,
				23AA4C8F2B97459D003377E4 /* Frameworks */,
				23AA4C902B97459D003377E4 /* Resources */,
			);
			buildRules = (
			);
			dependencies = (
				23AA4C942B97459D003377E4 /* PBXTargetDependency */,
			);
			name = QuandooTestUITests;
			productName = QuandooTestUITests;
			productReference = 23AA4C922B97459D003377E4 /* QuandooTestUITests.xctest */;
			productType = "com.apple.product-type.bundle.ui-testing";
		};
/* End PBXNativeTarget section */

/* Begin PBXProject section */
		23AA4C672B97459C003377E4 /* Project object */ = {
			isa = PBXProject;
			attributes = {
				BuildIndependentTargetsInParallel = 1;
				LastSwiftUpdateCheck = 1520;
				LastUpgradeCheck = 1520;
				TargetAttributes = {
					23AA4C6E2B97459C003377E4 = {
						CreatedOnToolsVersion = 15.2;
					};
					23AA4C872B97459D003377E4 = {
						CreatedOnToolsVersion = 15.2;
						TestTargetID = 23AA4C6E2B97459C003377E4;
					};
					23AA4C912B97459D003377E4 = {
						CreatedOnToolsVersion = 15.2;
						TestTargetID = 23AA4C6E2B97459C003377E4;
					};
				};
			};
			buildConfigurationList = 23AA4C6A2B97459C003377E4 /* Build configuration list for PBXProject "QuandooTest" */;
			compatibilityVersion = "Xcode 14.0";
			developmentRegion = en;
			hasScannedForEncodings = 0;
			knownRegions = (
				en,
				Base,
			);
			mainGroup = 23AA4C662B97459C003377E4;
			productRefGroup = 23AA4C702B97459C003377E4 /* Products */;
			projectDirPath = "";
			projectRoot = "";
			targets = (
				23AA4C6E2B97459C003377E4 /* QuandooTest */,
				23AA4C872B97459D003377E4 /* QuandooTestTests */,
				23AA4C912B97459D003377E4 /* QuandooTestUITests */,
			);
		};
/* End PBXProject section */

/* Begin PBXResourcesBuildPhase section */
		23AA4C6D2B97459C003377E4 /* Resources */ = {
			isa = PBXResourcesBuildPhase;
			buildActionMask = 2147483647;
			files = (
				23AA4C822B97459D003377E4 /* LaunchScreen.storyboard in Resources */,
				23AA4C7F2B97459D003377E4 /* Assets.xcassets in Resources */,
				23AA4C7A2B97459C003377E4 /* Main.storyboard in Resources */,
			);
			runOnlyForDeploymentPostprocessing = 0;
		};
		23AA4C862B97459D003377E4 /* Resources */ = {
			isa = PBXResourcesBuildPhase;
			buildActionMask = 2147483647;
			files = (
			);
			runOnlyForDeploymentPostprocessing = 0;
		};
		23AA4C902B97459D003377E4 /* Resources */ = {
			isa = PBXResourcesBuildPhase;
			buildActionMask = 2147483647;
			files = (
			);
			runOnlyForDeploymentPostprocessing = 0;
		};
/* End PBXResourcesBuildPhase section */

/* Begin PBXSourcesBuildPhase section */
		23AA4C6B2B97459C003377E4 /* Sources */ = {
			isa = PBXSourcesBuildPhase;
			buildActionMask = 2147483647;
			files = (
				23AA4CAA2B974D07003377E4 /* UserListViewController.swift in Sources */,
				23E504982B977C690037A9D0 /* UserPostPresenter.swift in Sources */,
				23E504A82B9780710037A9D0 /* UserPostSceneFactory.swift in Sources */,
				23AA4CB22B974D20003377E4 /* UserListPresenter.swift in Sources */,
				23E504942B977C5E0037A9D0 /* UserPostInteractor.swift in Sources */,
				23AA4CB62B974D2E003377E4 /* UserListSceneFactory.swift in Sources */,
				23AA4CC52B97568C003377E4 /* UserCellView.swift in Sources */,
				23E5049C2B977C770037A9D0 /* UserPostConfigurator.swift in Sources */,
				23E504A42B977EF10037A9D0 /* PostCellView.swift in Sources */,
				23E5048B2B9769EF0037A9D0 /* APIManager.swift in Sources */,
				23AA4C732B97459C003377E4 /* AppDelegate.swift in Sources */,
				23AA4C752B97459C003377E4 /* SceneDelegate.swift in Sources */,
				23AA4CC02B97547E003377E4 /* User.swift in Sources */,
				23E504A02B977D5C0037A9D0 /* Post.swift in Sources */,
				23AA4CBB2B974DB5003377E4 /* UserListConfigurator.swift in Sources */,
				23AA4C7D2B97459C003377E4 /* QuandooTest.xcdatamodeld in Sources */,
				23AA4CAE2B974D17003377E4 /* UserListInterector.swift in Sources */,
				23E504902B977C550037A9D0 /* UserPostViewController.swift in Sources */,
			);
			runOnlyForDeploymentPostprocessing = 0;
		};
		23AA4C842B97459D003377E4 /* Sources */ = {
			isa = PBXSourcesBuildPhase;
			buildActionMask = 2147483647;
			files = (
				23E504A92B9780710037A9D0 /* UserPostSceneFactory.swift in Sources */,
				23E504A52B977EF10037A9D0 /* PostCellView.swift in Sources */,
				23AA4C8D2B97459D003377E4 /* QuandooTestTests.swift in Sources */,
				23AA4CB32B974D20003377E4 /* UserListPresenter.swift in Sources */,
				23E504952B977C5E0037A9D0 /* UserPostInteractor.swift in Sources */,
				23E504992B977C690037A9D0 /* UserPostPresenter.swift in Sources */,
				23AA4CAB2B974D07003377E4 /* UserListViewController.swift in Sources */,
				23E504A12B977D5C0037A9D0 /* Post.swift in Sources */,
				23E5049D2B977C770037A9D0 /* UserPostConfigurator.swift in Sources */,
				23E504912B977C550037A9D0 /* UserPostViewController.swift in Sources */,
				23E5048C2B9769EF0037A9D0 /* APIManager.swift in Sources */,
				23AA4CBC2B974DB5003377E4 /* UserListConfigurator.swift in Sources */,
				23AA4CB72B974D2E003377E4 /* UserListSceneFactory.swift in Sources */,
				23AA4CAF2B974D17003377E4 /* UserListInterector.swift in Sources */,
				23AA4CC12B97547E003377E4 /* User.swift in Sources */,
				23AA4CC62B97568C003377E4 /* UserCellView.swift in Sources */,
			);
			runOnlyForDeploymentPostprocessing = 0;
		};
		23AA4C8E2B97459D003377E4 /* Sources */ = {
			isa = PBXSourcesBuildPhase;
			buildActionMask = 2147483647;
			files = (
				23E504AA2B9780710037A9D0 /* UserPostSceneFactory.swift in Sources */,
				23AA4C992B97459D003377E4 /* QuandooTestUITestsLaunchTests.swift in Sources */,
				23AA4CB02B974D17003377E4 /* UserListInterector.swift in Sources */,
				23E504922B977C550037A9D0 /* UserPostViewController.swift in Sources */,
				23E504962B977C5E0037A9D0 /* UserPostInteractor.swift in Sources */,
				23E5049A2B977C690037A9D0 /* UserPostPresenter.swift in Sources */,
				23E5048D2B9769EF0037A9D0 /* APIManager.swift in Sources */,
				23AA4C972B97459D003377E4 /* QuandooTestUITests.swift in Sources */,
				23AA4CB42B974D20003377E4 /* UserListPresenter.swift in Sources */,
				23AA4CC22B97547E003377E4 /* User.swift in Sources */,
				23E504A22B977D5C0037A9D0 /* Post.swift in Sources */,
				23E5049E2B977C770037A9D0 /* UserPostConfigurator.swift in Sources */,
				23AA4CAC2B974D07003377E4 /* UserListViewController.swift in Sources */,
				23AA4CB82B974D2E003377E4 /* UserListSceneFactory.swift in Sources */,
				23AA4CC72B97568C003377E4 /* UserCellView.swift in Sources */,
				23E504A62B977EF10037A9D0 /* PostCellView.swift in Sources */,
				23AA4CBD2B974DB5003377E4 /* UserListConfigurator.swift in Sources */,
			);
			runOnlyForDeploymentPostprocessing = 0;
		};
/* End PBXSourcesBuildPhase section */

/* Begin PBXTargetDependency section */
		23AA4C8A2B97459D003377E4 /* PBXTargetDependency */ = {
			isa = PBXTargetDependency;
			target = 23AA4C6E2B97459C003377E4 /* QuandooTest */;
			targetProxy = 23AA4C892B97459D003377E4 /* PBXContainerItemProxy */;
		};
		23AA4C942B97459D003377E4 /* PBXTargetDependency */ = {
			isa = PBXTargetDependency;
			target = 23AA4C6E2B97459C003377E4 /* QuandooTest */;
			targetProxy = 23AA4C932B97459D003377E4 /* PBXContainerItemProxy */;
		};
/* End PBXTargetDependency section */

/* Begin PBXVariantGroup section */
		23AA4C782B97459C003377E4 /* Main.storyboard */ = {
			isa = PBXVariantGroup;
			children = (
				23AA4C792B97459C003377E4 /* Base */,
			);
			name = Main.storyboard;
			sourceTree = "<group>";
		};
		23AA4C802B97459D003377E4 /* LaunchScreen.storyboard */ = {
			isa = PBXVariantGroup;
			children = (
				23AA4C812B97459D003377E4 /* Base */,
			);
			name = LaunchScreen.storyboard;
			sourceTree = "<group>";
		};
/* End PBXVariantGroup section */

/* Begin XCBuildConfiguration section */
		23AA4C9A2B97459D003377E4 /* Debug */ = {
			isa = XCBuildConfiguration;
			buildSettings = {
				ALWAYS_SEARCH_USER_PATHS = NO;
				ASSETCATALOG_COMPILER_GENERATE_SWIFT_ASSET_SYMBOL_EXTENSIONS = YES;
				CLANG_ANALYZER_NONNULL = YES;
				CLANG_ANALYZER_NUMBER_OBJECT_CONVERSION = YES_AGGRESSIVE;
				CLANG_CXX_LANGUAGE_STANDARD = "gnu++20";
				CLANG_ENABLE_MODULES = YES;
				CLANG_ENABLE_OBJC_ARC = YES;
				CLANG_ENABLE_OBJC_WEAK = YES;
				CLANG_WARN_BLOCK_CAPTURE_AUTORELEASING = YES;
				CLANG_WARN_BOOL_CONVERSION = YES;
				CLANG_WARN_COMMA = YES;
				CLANG_WARN_CONSTANT_CONVERSION = YES;
				CLANG_WARN_DEPRECATED_OBJC_IMPLEMENTATIONS = YES;
				CLANG_WARN_DIRECT_OBJC_ISA_USAGE = YES_ERROR;
				CLANG_WARN_DOCUMENTATION_COMMENTS = YES;
				CLANG_WARN_EMPTY_BODY = YES;
				CLANG_WARN_ENUM_CONVERSION = YES;
				CLANG_WARN_INFINITE_RECURSION = YES;
				CLANG_WARN_INT_CONVERSION = YES;
				CLANG_WARN_NON_LITERAL_NULL_CONVERSION = YES;
				CLANG_WARN_OBJC_IMPLICIT_RETAIN_SELF = YES;
				CLANG_WARN_OBJC_LITERAL_CONVERSION = YES;
				CLANG_WARN_OBJC_ROOT_CLASS = YES_ERROR;
				CLANG_WARN_QUOTED_INCLUDE_IN_FRAMEWORK_HEADER = YES;
				CLANG_WARN_RANGE_LOOP_ANALYSIS = YES;
				CLANG_WARN_STRICT_PROTOTYPES = YES;
				CLANG_WARN_SUSPICIOUS_MOVE = YES;
				CLANG_WARN_UNGUARDED_AVAILABILITY = YES_AGGRESSIVE;
				CLANG_WARN_UNREACHABLE_CODE = YES;
				CLANG_WARN__DUPLICATE_METHOD_MATCH = YES;
				COPY_PHASE_STRIP = NO;
				DEBUG_INFORMATION_FORMAT = dwarf;
				ENABLE_STRICT_OBJC_MSGSEND = YES;
				ENABLE_TESTABILITY = YES;
				ENABLE_USER_SCRIPT_SANDBOXING = YES;
				GCC_C_LANGUAGE_STANDARD = gnu17;
				GCC_DYNAMIC_NO_PIC = NO;
				GCC_NO_COMMON_BLOCKS = YES;
				GCC_OPTIMIZATION_LEVEL = 0;
				GCC_PREPROCESSOR_DEFINITIONS = (
					"DEBUG=1",
					"$(inherited)",
				);
				GCC_WARN_64_TO_32_BIT_CONVERSION = YES;
				GCC_WARN_ABOUT_RETURN_TYPE = YES_ERROR;
				GCC_WARN_UNDECLARED_SELECTOR = YES;
				GCC_WARN_UNINITIALIZED_AUTOS = YES_AGGRESSIVE;
				GCC_WARN_UNUSED_FUNCTION = YES;
				GCC_WARN_UNUSED_VARIABLE = YES;
				IPHONEOS_DEPLOYMENT_TARGET = 17.2;
				LOCALIZATION_PREFERS_STRING_CATALOGS = YES;
				MTL_ENABLE_DEBUG_INFO = INCLUDE_SOURCE;
				MTL_FAST_MATH = YES;
				ONLY_ACTIVE_ARCH = YES;
				SDKROOT = iphoneos;
				SWIFT_ACTIVE_COMPILATION_CONDITIONS = "DEBUG $(inherited)";
				SWIFT_OPTIMIZATION_LEVEL = "-Onone";
			};
			name = Debug;
		};
		23AA4C9B2B97459D003377E4 /* Release */ = {
			isa = XCBuildConfiguration;
			buildSettings = {
				ALWAYS_SEARCH_USER_PATHS = NO;
				ASSETCATALOG_COMPILER_GENERATE_SWIFT_ASSET_SYMBOL_EXTENSIONS = YES;
				CLANG_ANALYZER_NONNULL = YES;
				CLANG_ANALYZER_NUMBER_OBJECT_CONVERSION = YES_AGGRESSIVE;
				CLANG_CXX_LANGUAGE_STANDARD = "gnu++20";
				CLANG_ENABLE_MODULES = YES;
				CLANG_ENABLE_OBJC_ARC = YES;
				CLANG_ENABLE_OBJC_WEAK = YES;
				CLANG_WARN_BLOCK_CAPTURE_AUTORELEASING = YES;
				CLANG_WARN_BOOL_CONVERSION = YES;
				CLANG_WARN_COMMA = YES;
				CLANG_WARN_CONSTANT_CONVERSION = YES;
				CLANG_WARN_DEPRECATED_OBJC_IMPLEMENTATIONS = YES;
				CLANG_WARN_DIRECT_OBJC_ISA_USAGE = YES_ERROR;
				CLANG_WARN_DOCUMENTATION_COMMENTS = YES;
				CLANG_WARN_EMPTY_BODY = YES;
				CLANG_WARN_ENUM_CONVERSION = YES;
				CLANG_WARN_INFINITE_RECURSION = YES;
				CLANG_WARN_INT_CONVERSION = YES;
				CLANG_WARN_NON_LITERAL_NULL_CONVERSION = YES;
				CLANG_WARN_OBJC_IMPLICIT_RETAIN_SELF = YES;
				CLANG_WARN_OBJC_LITERAL_CONVERSION = YES;
				CLANG_WARN_OBJC_ROOT_CLASS = YES_ERROR;
				CLANG_WARN_QUOTED_INCLUDE_IN_FRAMEWORK_HEADER = YES;
				CLANG_WARN_RANGE_LOOP_ANALYSIS = YES;
				CLANG_WARN_STRICT_PROTOTYPES = YES;
				CLANG_WARN_SUSPICIOUS_MOVE = YES;
				CLANG_WARN_UNGUARDED_AVAILABILITY = YES_AGGRESSIVE;
				CLANG_WARN_UNREACHABLE_CODE = YES;
				CLANG_WARN__DUPLICATE_METHOD_MATCH = YES;
				COPY_PHASE_STRIP = NO;
				DEBUG_INFORMATION_FORMAT = "dwarf-with-dsym";
				ENABLE_NS_ASSERTIONS = NO;
				ENABLE_STRICT_OBJC_MSGSEND = YES;
				ENABLE_USER_SCRIPT_SANDBOXING = YES;
				GCC_C_LANGUAGE_STANDARD = gnu17;
				GCC_NO_COMMON_BLOCKS = YES;
				GCC_WARN_64_TO_32_BIT_CONVERSION = YES;
				GCC_WARN_ABOUT_RETURN_TYPE = YES_ERROR;
				GCC_WARN_UNDECLARED_SELECTOR = YES;
				GCC_WARN_UNINITIALIZED_AUTOS = YES_AGGRESSIVE;
				GCC_WARN_UNUSED_FUNCTION = YES;
				GCC_WARN_UNUSED_VARIABLE = YES;
				IPHONEOS_DEPLOYMENT_TARGET = 17.2;
				LOCALIZATION_PREFERS_STRING_CATALOGS = YES;
				MTL_ENABLE_DEBUG_INFO = NO;
				MTL_FAST_MATH = YES;
				SDKROOT = iphoneos;
				SWIFT_COMPILATION_MODE = wholemodule;
				VALIDATE_PRODUCT = YES;
			};
			name = Release;
		};
		23AA4C9D2B97459D003377E4 /* Debug */ = {
			isa = XCBuildConfiguration;
			buildSettings = {
				ASSETCATALOG_COMPILER_APPICON_NAME = AppIcon;
				ASSETCATALOG_COMPILER_GLOBAL_ACCENT_COLOR_NAME = AccentColor;
				CODE_SIGN_STYLE = Automatic;
				CURRENT_PROJECT_VERSION = 1;
				DEVELOPMENT_TEAM = KKQNMS5DUM;
				GENERATE_INFOPLIST_FILE = YES;
				INFOPLIST_FILE = QuandooTest/Info.plist;
				INFOPLIST_KEY_UIApplicationSupportsIndirectInputEvents = YES;
				INFOPLIST_KEY_UILaunchStoryboardName = LaunchScreen;
				INFOPLIST_KEY_UIMainStoryboardFile = Main;
				INFOPLIST_KEY_UISupportedInterfaceOrientations_iPad = "UIInterfaceOrientationPortrait UIInterfaceOrientationPortraitUpsideDown UIInterfaceOrientationLandscapeLeft UIInterfaceOrientationLandscapeRight";
				INFOPLIST_KEY_UISupportedInterfaceOrientations_iPhone = "UIInterfaceOrientationPortrait UIInterfaceOrientationLandscapeLeft UIInterfaceOrientationLandscapeRight";
				LD_RUNPATH_SEARCH_PATHS = (
					"$(inherited)",
					"@executable_path/Frameworks",
				);
				MARKETING_VERSION = 1.0;
				PRODUCT_BUNDLE_IDENTIFIER = leo.marliere.QuandooTest;
				PRODUCT_NAME = "$(TARGET_NAME)";
				SWIFT_EMIT_LOC_STRINGS = YES;
				SWIFT_VERSION = 5.0;
				TARGETED_DEVICE_FAMILY = "1,2";
			};
			name = Debug;
		};
		23AA4C9E2B97459D003377E4 /* Release */ = {
			isa = XCBuildConfiguration;
			buildSettings = {
				ASSETCATALOG_COMPILER_APPICON_NAME = AppIcon;
				ASSETCATALOG_COMPILER_GLOBAL_ACCENT_COLOR_NAME = AccentColor;
				CODE_SIGN_STYLE = Automatic;
				CURRENT_PROJECT_VERSION = 1;
				DEVELOPMENT_TEAM = KKQNMS5DUM;
				GENERATE_INFOPLIST_FILE = YES;
				INFOPLIST_FILE = QuandooTest/Info.plist;
				INFOPLIST_KEY_UIApplicationSupportsIndirectInputEvents = YES;
				INFOPLIST_KEY_UILaunchStoryboardName = LaunchScreen;
				INFOPLIST_KEY_UIMainStoryboardFile = Main;
				INFOPLIST_KEY_UISupportedInterfaceOrientations_iPad = "UIInterfaceOrientationPortrait UIInterfaceOrientationPortraitUpsideDown UIInterfaceOrientationLandscapeLeft UIInterfaceOrientationLandscapeRight";
				INFOPLIST_KEY_UISupportedInterfaceOrientations_iPhone = "UIInterfaceOrientationPortrait UIInterfaceOrientationLandscapeLeft UIInterfaceOrientationLandscapeRight";
				LD_RUNPATH_SEARCH_PATHS = (
					"$(inherited)",
					"@executable_path/Frameworks",
				);
				MARKETING_VERSION = 1.0;
				PRODUCT_BUNDLE_IDENTIFIER = leo.marliere.QuandooTest;
				PRODUCT_NAME = "$(TARGET_NAME)";
				SWIFT_EMIT_LOC_STRINGS = YES;
				SWIFT_VERSION = 5.0;
				TARGETED_DEVICE_FAMILY = "1,2";
			};
			name = Release;
		};
		23AA4CA02B97459D003377E4 /* Debug */ = {
			isa = XCBuildConfiguration;
			buildSettings = {
				ALWAYS_EMBED_SWIFT_STANDARD_LIBRARIES = YES;
				BUNDLE_LOADER = "$(TEST_HOST)";
				CODE_SIGN_STYLE = Automatic;
				CURRENT_PROJECT_VERSION = 1;
				DEVELOPMENT_TEAM = KKQNMS5DUM;
				GENERATE_INFOPLIST_FILE = YES;
				IPHONEOS_DEPLOYMENT_TARGET = 17.2;
				MARKETING_VERSION = 1.0;
				PRODUCT_BUNDLE_IDENTIFIER = leo.marliere.QuandooTestTests;
				PRODUCT_NAME = "$(TARGET_NAME)";
				SWIFT_EMIT_LOC_STRINGS = NO;
				SWIFT_VERSION = 5.0;
				TARGETED_DEVICE_FAMILY = "1,2";
				TEST_HOST = "$(BUILT_PRODUCTS_DIR)/QuandooTest.app/$(BUNDLE_EXECUTABLE_FOLDER_PATH)/QuandooTest";
			};
			name = Debug;
		};
		23AA4CA12B97459D003377E4 /* Release */ = {
			isa = XCBuildConfiguration;
			buildSettings = {
				ALWAYS_EMBED_SWIFT_STANDARD_LIBRARIES = YES;
				BUNDLE_LOADER = "$(TEST_HOST)";
				CODE_SIGN_STYLE = Automatic;
				CURRENT_PROJECT_VERSION = 1;
				DEVELOPMENT_TEAM = KKQNMS5DUM;
				GENERATE_INFOPLIST_FILE = YES;
				IPHONEOS_DEPLOYMENT_TARGET = 17.2;
				MARKETING_VERSION = 1.0;
				PRODUCT_BUNDLE_IDENTIFIER = leo.marliere.QuandooTestTests;
				PRODUCT_NAME = "$(TARGET_NAME)";
				SWIFT_EMIT_LOC_STRINGS = NO;
				SWIFT_VERSION = 5.0;
				TARGETED_DEVICE_FAMILY = "1,2";
				TEST_HOST = "$(BUILT_PRODUCTS_DIR)/QuandooTest.app/$(BUNDLE_EXECUTABLE_FOLDER_PATH)/QuandooTest";
			};
			name = Release;
		};
		23AA4CA32B97459D003377E4 /* Debug */ = {
			isa = XCBuildConfiguration;
			buildSettings = {
				ALWAYS_EMBED_SWIFT_STANDARD_LIBRARIES = YES;
				CODE_SIGN_STYLE = Automatic;
				CURRENT_PROJECT_VERSION = 1;
				DEVELOPMENT_TEAM = KKQNMS5DUM;
				GENERATE_INFOPLIST_FILE = YES;
				MARKETING_VERSION = 1.0;
				PRODUCT_BUNDLE_IDENTIFIER = leo.marliere.QuandooTestUITests;
				PRODUCT_NAME = "$(TARGET_NAME)";
				SWIFT_EMIT_LOC_STRINGS = NO;
				SWIFT_VERSION = 5.0;
				TARGETED_DEVICE_FAMILY = "1,2";
				TEST_TARGET_NAME = QuandooTest;
			};
			name = Debug;
		};
		23AA4CA42B97459D003377E4 /* Release */ = {
			isa = XCBuildConfiguration;
			buildSettings = {
				ALWAYS_EMBED_SWIFT_STANDARD_LIBRARIES = YES;
				CODE_SIGN_STYLE = Automatic;
				CURRENT_PROJECT_VERSION = 1;
				DEVELOPMENT_TEAM = KKQNMS5DUM;
				GENERATE_INFOPLIST_FILE = YES;
				MARKETING_VERSION = 1.0;
				PRODUCT_BUNDLE_IDENTIFIER = leo.marliere.QuandooTestUITests;
				PRODUCT_NAME = "$(TARGET_NAME)";
				SWIFT_EMIT_LOC_STRINGS = NO;
				SWIFT_VERSION = 5.0;
				TARGETED_DEVICE_FAMILY = "1,2";
				TEST_TARGET_NAME = QuandooTest;
			};
			name = Release;
		};
/* End XCBuildConfiguration section */

/* Begin XCConfigurationList section */
		23AA4C6A2B97459C003377E4 /* Build configuration list for PBXProject "QuandooTest" */ = {
			isa = XCConfigurationList;
			buildConfigurations = (
				23AA4C9A2B97459D003377E4 /* Debug */,
				23AA4C9B2B97459D003377E4 /* Release */,
			);
			defaultConfigurationIsVisible = 0;
			defaultConfigurationName = Release;
		};
		23AA4C9C2B97459D003377E4 /* Build configuration list for PBXNativeTarget "QuandooTest" */ = {
			isa = XCConfigurationList;
			buildConfigurations = (
				23AA4C9D2B97459D003377E4 /* Debug */,
				23AA4C9E2B97459D003377E4 /* Release */,
			);
			defaultConfigurationIsVisible = 0;
			defaultConfigurationName = Release;
		};
		23AA4C9F2B97459D003377E4 /* Build configuration list for PBXNativeTarget "QuandooTestTests" */ = {
			isa = XCConfigurationList;
			buildConfigurations = (
				23AA4CA02B97459D003377E4 /* Debug */,
				23AA4CA12B97459D003377E4 /* Release */,
			);
			defaultConfigurationIsVisible = 0;
			defaultConfigurationName = Release;
		};
		23AA4CA22B97459D003377E4 /* Build configuration list for PBXNativeTarget "QuandooTestUITests" */ = {
			isa = XCConfigurationList;
			buildConfigurations = (
				23AA4CA32B97459D003377E4 /* Debug */,
				23AA4CA42B97459D003377E4 /* Release */,
			);
			defaultConfigurationIsVisible = 0;
			defaultConfigurationName = Release;
		};
/* End XCConfigurationList section */

/* Begin XCVersionGroup section */
		23AA4C7B2B97459C003377E4 /* QuandooTest.xcdatamodeld */ = {
			isa = XCVersionGroup;
			children = (
				23AA4C7C2B97459C003377E4 /* QuandooTest.xcdatamodel */,
			);
			currentVersion = 23AA4C7C2B97459C003377E4 /* QuandooTest.xcdatamodel */;
			path = QuandooTest.xcdatamodeld;
			sourceTree = "<group>";
			versionGroupType = wrapper.xcdatamodel;
		};
/* End XCVersionGroup section */
	};
	rootObject = 23AA4C672B97459C003377E4 /* Project object */;
}
